
Microsoft Visual Studio Solution File, Format Version 12.00
# Visual Studio Version 16
VisualStudioVersion = 16.0.32413.511
MinimumVisualStudioVersion = 10.0.40219.1
Project("{FAE04EC0-301F-11D3-BF4B-00C04F79EFBC}") = "Q2BAG21", "Q2BAG21\Q2BAG21.csproj", "{2880D8FD-1D7B-40F6-8838-AF29F85477EE}"
EndProject
Global
	GlobalSection(SolutionConfigurationPlatforms) = preSolution
		Debug|Any CPU = Debug|Any CPU
		Release|Any CPU = Release|Any CPU
	EndGlobalSection
	GlobalSection(ProjectConfigurationPlatforms) = postSolution
		{2880D8FD-1D7B-40F6-8838-AF29F85477EE}.Debug|Any CPU.ActiveCfg = Debug|Any CPU
		{2880D8FD-1D7B-40F6-8838-AF29F85477EE}.Debug|Any CPU.Build.0 = Debug|Any CPU
		{2880D8FD-1D7B-40F6-8838-AF29F85477EE}.Release|Any CPU.ActiveCfg = Release|Any CPU
		{2880D8FD-1D7B-40F6-8838-AF29F85477EE}.Release|Any CPU.Build.0 = Release|Any CPU
	EndGlobalSection
	GlobalSection(SolutionProperties) = preSolution
		HideSolutionNode = FALSE
	EndGlobalSection
	GlobalSection(ExtensibilityGlobals) = postSolution
		SolutionGuid = {B335093E-838E-4E2D-A3B6-16D9DB692EFA}
	EndGlobalSection
EndGlobal
