
Microsoft Visual Studio Solution File, Format Version 12.00
# Visual Studio Version 16
VisualStudioVersion = 16.0.30717.126
MinimumVisualStudioVersion = 10.0.40219.1
Project("{FAE04EC0-301F-11D3-BF4B-00C04F79EFBC}") = "consapp", "consapp\consapp.csproj", "{35352B64-D478-4111-BA49-02DD5B9D7188}"
EndProject
Global
	GlobalSection(SolutionConfigurationPlatforms) = preSolution
		Debug|Any CPU = Debug|Any CPU
		Release|Any CPU = Release|Any CPU
	EndGlobalSection
	GlobalSection(ProjectConfigurationPlatforms) = postSolution
		{35352B64-D478-4111-BA49-02DD5B9D7188}.Debug|Any CPU.ActiveCfg = Debug|Any CPU
		{35352B64-D478-4111-BA49-02DD5B9D7188}.Debug|Any CPU.Build.0 = Debug|Any CPU
		{35352B64-D478-4111-BA49-02DD5B9D7188}.Release|Any CPU.ActiveCfg = Release|Any CPU
		{35352B64-D478-4111-BA49-02DD5B9D7188}.Release|Any CPU.Build.0 = Release|Any CPU
	EndGlobalSection
	GlobalSection(SolutionProperties) = preSolution
		HideSolutionNode = FALSE
	EndGlobalSection
	GlobalSection(ExtensibilityGlobals) = postSolution
		SolutionGuid = {734F132A-D142-42CB-8972-8A3CAAAE7D68}
	EndGlobalSection
EndGlobal
